
Microsoft Visual Studio Solution File, Format Version 12.00
# Visual Studio Version 16
VisualStudioVersion = 16.0.29613.14
MinimumVisualStudioVersion = 10.0.40219.1
Project("{9A19103F-16F7-4668-BE54-9A1E7A4F7556}") = "BigBurguer.Api", "BigBurguer.Api\BigBurguer.Api.csproj", "{76309B44-2821-4614-8349-1E1C1B5155D1}"
EndProject
Global
	GlobalSection(SolutionConfigurationPlatforms) = preSolution
		Debug|Any CPU = Debug|Any CPU
		Release|Any CPU = Release|Any CPU
	EndGlobalSection
	GlobalSection(ProjectConfigurationPlatforms) = postSolution
		{76309B44-2821-4614-8349-1E1C1B5155D1}.Debug|Any CPU.ActiveCfg = Debug|Any CPU
		{76309B44-2821-4614-8349-1E1C1B5155D1}.Debug|Any CPU.Build.0 = Debug|Any CPU
		{76309B44-2821-4614-8349-1E1C1B5155D1}.Release|Any CPU.ActiveCfg = Release|Any CPU
		{76309B44-2821-4614-8349-1E1C1B5155D1}.Release|Any CPU.Build.0 = Release|Any CPU
	EndGlobalSection
	GlobalSection(SolutionProperties) = preSolution
		HideSolutionNode = FALSE
	EndGlobalSection
	GlobalSection(ExtensibilityGlobals) = postSolution
		SolutionGuid = {8C0D8261-0EA8-4FD7-9884-B4EB780E2D4E}
	EndGlobalSection
EndGlobal
